
Microsoft Visual Studio Solution File, Format Version 12.00
# Visual Studio Version 17
VisualStudioVersion = 17.3.32811.315
MinimumVisualStudioVersion = 10.0.40219.1
Project("{FAE04EC0-301F-11D3-BF4B-00C04F79EFBC}") = "Inlmänningsuppgifter programmering 1 uppgift 2 array", "Inlmänningsuppgifter programmering 1 uppgift 2 array\Inlmänningsuppgifter programmering 1 uppgift 2 array.csproj", "{9CF20C7F-0ED5-43F2-A63B-03EBB6D50E28}"
EndProject
Global
	GlobalSection(SolutionConfigurationPlatforms) = preSolution
		Debug|Any CPU = Debug|Any CPU
		Release|Any CPU = Release|Any CPU
	EndGlobalSection
	GlobalSection(ProjectConfigurationPlatforms) = postSolution
		{9CF20C7F-0ED5-43F2-A63B-03EBB6D50E28}.Debug|Any CPU.ActiveCfg = Debug|Any CPU
		{9CF20C7F-0ED5-43F2-A63B-03EBB6D50E28}.Debug|Any CPU.Build.0 = Debug|Any CPU
		{9CF20C7F-0ED5-43F2-A63B-03EBB6D50E28}.Release|Any CPU.ActiveCfg = Release|Any CPU
		{9CF20C7F-0ED5-43F2-A63B-03EBB6D50E28}.Release|Any CPU.Build.0 = Release|Any CPU
	EndGlobalSection
	GlobalSection(SolutionProperties) = preSolution
		HideSolutionNode = FALSE
	EndGlobalSection
	GlobalSection(ExtensibilityGlobals) = postSolution
		SolutionGuid = {58E58805-ED2B-4990-86AE-278BDE2B03F8}
	EndGlobalSection
EndGlobal
